
Microsoft Visual Studio Solution File, Format Version 12.00
# Visual Studio Version 16
VisualStudioVersion = 16.0.29503.13
MinimumVisualStudioVersion = 10.0.40219.1
Project("{FAE04EC0-301F-11D3-BF4B-00C04F79EFBC}") = "HealthChecks_API", "HealthChecks_API\HealthChecks_API.csproj", "{072AC197-7C4F-4BCD-828D-C988E8C95FFB}"
EndProject
Global
	GlobalSection(SolutionConfigurationPlatforms) = preSolution
		Debug|Any CPU = Debug|Any CPU
		Release|Any CPU = Release|Any CPU
	EndGlobalSection
	GlobalSection(ProjectConfigurationPlatforms) = postSolution
		{072AC197-7C4F-4BCD-828D-C988E8C95FFB}.Debug|Any CPU.ActiveCfg = Debug|Any CPU
		{072AC197-7C4F-4BCD-828D-C988E8C95FFB}.Debug|Any CPU.Build.0 = Debug|Any CPU
		{072AC197-7C4F-4BCD-828D-C988E8C95FFB}.Release|Any CPU.ActiveCfg = Release|Any CPU
		{072AC197-7C4F-4BCD-828D-C988E8C95FFB}.Release|Any CPU.Build.0 = Release|Any CPU
	EndGlobalSection
	GlobalSection(SolutionProperties) = preSolution
		HideSolutionNode = FALSE
	EndGlobalSection
	GlobalSection(ExtensibilityGlobals) = postSolution
		SolutionGuid = {8223033B-6B65-4F03-8391-61FC93948603}
	EndGlobalSection
EndGlobal
